
Microsoft Visual Studio Solution File, Format Version 12.00
# Visual Studio Version 17
VisualStudioVersion = 17.4.33103.184
MinimumVisualStudioVersion = 10.0.40219.1
Project("{FAE04EC0-301F-11D3-BF4B-00C04F79EFBC}") = "odev_4_5", "odev_4_5\odev_4_5.csproj", "{29BE7296-BE70-4EBD-AC55-422B17CAA566}"
EndProject
Global
	GlobalSection(SolutionConfigurationPlatforms) = preSolution
		Debug|Any CPU = Debug|Any CPU
		Release|Any CPU = Release|Any CPU
	EndGlobalSection
	GlobalSection(ProjectConfigurationPlatforms) = postSolution
		{29BE7296-BE70-4EBD-AC55-422B17CAA566}.Debug|Any CPU.ActiveCfg = Debug|Any CPU
		{29BE7296-BE70-4EBD-AC55-422B17CAA566}.Debug|Any CPU.Build.0 = Debug|Any CPU
		{29BE7296-BE70-4EBD-AC55-422B17CAA566}.Release|Any CPU.ActiveCfg = Release|Any CPU
		{29BE7296-BE70-4EBD-AC55-422B17CAA566}.Release|Any CPU.Build.0 = Release|Any CPU
	EndGlobalSection
	GlobalSection(SolutionProperties) = preSolution
		HideSolutionNode = FALSE
	EndGlobalSection
	GlobalSection(ExtensibilityGlobals) = postSolution
		SolutionGuid = {CFD175D5-7E8C-434E-82BE-2F678887CB1B}
	EndGlobalSection
EndGlobal
